
Microsoft Visual Studio Solution File, Format Version 12.00
# Visual Studio 15
VisualStudioVersion = 15.0.28307.168
MinimumVisualStudioVersion = 10.0.40219.1
Project("{FAE04EC0-301F-11D3-BF4B-00C04F79EFBC}") = "SummonHelper(windows)", "SummonHelper(windows)\SummonHelper(windows).csproj", "{D88AD865-F115-40E0-AC45-0B5D31409569}"
EndProject
Project("{FAE04EC0-301F-11D3-BF4B-00C04F79EFBC}") = "RandomizationTest", "RandomizationTest\RandomizationTest.csproj", "{65C9748A-FEF4-4F6E-97CB-4A5F89524417}"
EndProject
Project("{FAE04EC0-301F-11D3-BF4B-00C04F79EFBC}") = "SummonAnalysist", "SummonAnalysist\SummonAnalysist.csproj", "{0B9F8599-9CF8-4D51-B818-3C94EED14F46}"
EndProject
Project("{FAE04EC0-301F-11D3-BF4B-00C04F79EFBC}") = "SummonTracker", "SummonTracker\SummonTracker.csproj", "{12A5DCBE-1BA2-4C03-9FFC-CC7CEA656B80}"
EndProject
Project("{FAE04EC0-301F-11D3-BF4B-00C04F79EFBC}") = "SummonCore", "SummonCore\SummonCore.csproj", "{3A4BA93A-06E4-4BD6-83BB-2AAB9C02FAD8}"
EndProject
Global
	GlobalSection(SolutionConfigurationPlatforms) = preSolution
		Debug|Any CPU = Debug|Any CPU
		Debug|ARM = Debug|ARM
		Debug|ARM64 = Debug|ARM64
		Debug|x64 = Debug|x64
		Debug|x86 = Debug|x86
		Release|Any CPU = Release|Any CPU
		Release|ARM = Release|ARM
		Release|ARM64 = Release|ARM64
		Release|x64 = Release|x64
		Release|x86 = Release|x86
	EndGlobalSection
	GlobalSection(ProjectConfigurationPlatforms) = postSolution
		{D88AD865-F115-40E0-AC45-0B5D31409569}.Debug|Any CPU.ActiveCfg = Debug|Any CPU
		{D88AD865-F115-40E0-AC45-0B5D31409569}.Debug|Any CPU.Build.0 = Debug|Any CPU
		{D88AD865-F115-40E0-AC45-0B5D31409569}.Debug|ARM.ActiveCfg = Debug|Any CPU
		{D88AD865-F115-40E0-AC45-0B5D31409569}.Debug|ARM.Build.0 = Debug|Any CPU
		{D88AD865-F115-40E0-AC45-0B5D31409569}.Debug|ARM64.ActiveCfg = Debug|Any CPU
		{D88AD865-F115-40E0-AC45-0B5D31409569}.Debug|ARM64.Build.0 = Debug|Any CPU
		{D88AD865-F115-40E0-AC45-0B5D31409569}.Debug|x64.ActiveCfg = Debug|Any CPU
		{D88AD865-F115-40E0-AC45-0B5D31409569}.Debug|x64.Build.0 = Debug|Any CPU
		{D88AD865-F115-40E0-AC45-0B5D31409569}.Debug|x86.ActiveCfg = Debug|Any CPU
		{D88AD865-F115-40E0-AC45-0B5D31409569}.Debug|x86.Build.0 = Debug|Any CPU
		{D88AD865-F115-40E0-AC45-0B5D31409569}.Release|Any CPU.ActiveCfg = Release|Any CPU
		{D88AD865-F115-40E0-AC45-0B5D31409569}.Release|Any CPU.Build.0 = Release|Any CPU
		{D88AD865-F115-40E0-AC45-0B5D31409569}.Release|ARM.ActiveCfg = Release|Any CPU
		{D88AD865-F115-40E0-AC45-0B5D31409569}.Release|ARM.Build.0 = Release|Any CPU
		{D88AD865-F115-40E0-AC45-0B5D31409569}.Release|ARM64.ActiveCfg = Release|Any CPU
		{D88AD865-F115-40E0-AC45-0B5D31409569}.Release|ARM64.Build.0 = Release|Any CPU
		{D88AD865-F115-40E0-AC45-0B5D31409569}.Release|x64.ActiveCfg = Release|Any CPU
		{D88AD865-F115-40E0-AC45-0B5D31409569}.Release|x64.Build.0 = Release|Any CPU
		{D88AD865-F115-40E0-AC45-0B5D31409569}.Release|x86.ActiveCfg = Release|Any CPU
		{D88AD865-F115-40E0-AC45-0B5D31409569}.Release|x86.Build.0 = Release|Any CPU
		{65C9748A-FEF4-4F6E-97CB-4A5F89524417}.Debug|Any CPU.ActiveCfg = Debug|Any CPU
		{65C9748A-FEF4-4F6E-97CB-4A5F89524417}.Debug|Any CPU.Build.0 = Debug|Any CPU
		{65C9748A-FEF4-4F6E-97CB-4A5F89524417}.Debug|ARM.ActiveCfg = Debug|Any CPU
		{65C9748A-FEF4-4F6E-97CB-4A5F89524417}.Debug|ARM.Build.0 = Debug|Any CPU
		{65C9748A-FEF4-4F6E-97CB-4A5F89524417}.Debug|ARM64.ActiveCfg = Debug|Any CPU
		{65C9748A-FEF4-4F6E-97CB-4A5F89524417}.Debug|ARM64.Build.0 = Debug|Any CPU
		{65C9748A-FEF4-4F6E-97CB-4A5F89524417}.Debug|x64.ActiveCfg = Debug|Any CPU
		{65C9748A-FEF4-4F6E-97CB-4A5F89524417}.Debug|x64.Build.0 = Debug|Any CPU
		{65C9748A-FEF4-4F6E-97CB-4A5F89524417}.Debug|x86.ActiveCfg = Debug|Any CPU
		{65C9748A-FEF4-4F6E-97CB-4A5F89524417}.Debug|x86.Build.0 = Debug|Any CPU
		{65C9748A-FEF4-4F6E-97CB-4A5F89524417}.Release|Any CPU.ActiveCfg = Release|Any CPU
		{65C9748A-FEF4-4F6E-97CB-4A5F89524417}.Release|Any CPU.Build.0 = Release|Any CPU
		{65C9748A-FEF4-4F6E-97CB-4A5F89524417}.Release|ARM.ActiveCfg = Release|Any CPU
		{65C9748A-FEF4-4F6E-97CB-4A5F89524417}.Release|ARM.Build.0 = Release|Any CPU
		{65C9748A-FEF4-4F6E-97CB-4A5F89524417}.Release|ARM64.ActiveCfg = Release|Any CPU
		{65C9748A-FEF4-4F6E-97CB-4A5F89524417}.Release|ARM64.Build.0 = Release|Any CPU
		{65C9748A-FEF4-4F6E-97CB-4A5F89524417}.Release|x64.ActiveCfg = Release|Any CPU
		{65C9748A-FEF4-4F6E-97CB-4A5F89524417}.Release|x64.Build.0 = Release|Any CPU
		{65C9748A-FEF4-4F6E-97CB-4A5F89524417}.Release|x86.ActiveCfg = Release|Any CPU
		{65C9748A-FEF4-4F6E-97CB-4A5F89524417}.Release|x86.Build.0 = Release|Any CPU
		{0B9F8599-9CF8-4D51-B818-3C94EED14F46}.Debug|Any CPU.ActiveCfg = Debug|Any CPU
		{0B9F8599-9CF8-4D51-B818-3C94EED14F46}.Debug|Any CPU.Build.0 = Debug|Any CPU
		{0B9F8599-9CF8-4D51-B818-3C94EED14F46}.Debug|ARM.ActiveCfg = Debug|Any CPU
		{0B9F8599-9CF8-4D51-B818-3C94EED14F46}.Debug|ARM.Build.0 = Debug|Any CPU
		{0B9F8599-9CF8-4D51-B818-3C94EED14F46}.Debug|ARM64.ActiveCfg = Debug|Any CPU
		{0B9F8599-9CF8-4D51-B818-3C94EED14F46}.Debug|ARM64.Build.0 = Debug|Any CPU
		{0B9F8599-9CF8-4D51-B818-3C94EED14F46}.Debug|x64.ActiveCfg = Debug|Any CPU
		{0B9F8599-9CF8-4D51-B818-3C94EED14F46}.Debug|x64.Build.0 = Debug|Any CPU
		{0B9F8599-9CF8-4D51-B818-3C94EED14F46}.Debug|x86.ActiveCfg = Debug|Any CPU
		{0B9F8599-9CF8-4D51-B818-3C94EED14F46}.Debug|x86.Build.0 = Debug|Any CPU
		{0B9F8599-9CF8-4D51-B818-3C94EED14F46}.Release|Any CPU.ActiveCfg = Release|Any CPU
		{0B9F8599-9CF8-4D51-B818-3C94EED14F46}.Release|Any CPU.Build.0 = Release|Any CPU
		{0B9F8599-9CF8-4D51-B818-3C94EED14F46}.Release|ARM.ActiveCfg = Release|Any CPU
		{0B9F8599-9CF8-4D51-B818-3C94EED14F46}.Release|ARM.Build.0 = Release|Any CPU
		{0B9F8599-9CF8-4D51-B818-3C94EED14F46}.Release|ARM64.ActiveCfg = Release|Any CPU
		{0B9F8599-9CF8-4D51-B818-3C94EED14F46}.Release|ARM64.Build.0 = Release|Any CPU
		{0B9F8599-9CF8-4D51-B818-3C94EED14F46}.Release|x64.ActiveCfg = Release|Any CPU
		{0B9F8599-9CF8-4D51-B818-3C94EED14F46}.Release|x64.Build.0 = Release|Any CPU
		{0B9F8599-9CF8-4D51-B818-3C94EED14F46}.Release|x86.ActiveCfg = Release|Any CPU
		{0B9F8599-9CF8-4D51-B818-3C94EED14F46}.Release|x86.Build.0 = Release|Any CPU
		{12A5DCBE-1BA2-4C03-9FFC-CC7CEA656B80}.Debug|Any CPU.ActiveCfg = Debug|Any CPU
		{12A5DCBE-1BA2-4C03-9FFC-CC7CEA656B80}.Debug|Any CPU.Build.0 = Debug|Any CPU
		{12A5DCBE-1BA2-4C03-9FFC-CC7CEA656B80}.Debug|ARM.ActiveCfg = Debug|Any CPU
		{12A5DCBE-1BA2-4C03-9FFC-CC7CEA656B80}.Debug|ARM.Build.0 = Debug|Any CPU
		{12A5DCBE-1BA2-4C03-9FFC-CC7CEA656B80}.Debug|ARM64.ActiveCfg = Debug|Any CPU
		{12A5DCBE-1BA2-4C03-9FFC-CC7CEA656B80}.Debug|ARM64.Build.0 = Debug|Any CPU
		{12A5DCBE-1BA2-4C03-9FFC-CC7CEA656B80}.Debug|x64.ActiveCfg = Debug|Any CPU
		{12A5DCBE-1BA2-4C03-9FFC-CC7CEA656B80}.Debug|x64.Build.0 = Debug|Any CPU
		{12A5DCBE-1BA2-4C03-9FFC-CC7CEA656B80}.Debug|x86.ActiveCfg = Debug|Any CPU
		{12A5DCBE-1BA2-4C03-9FFC-CC7CEA656B80}.Debug|x86.Build.0 = Debug|Any CPU
		{12A5DCBE-1BA2-4C03-9FFC-CC7CEA656B80}.Release|Any CPU.ActiveCfg = Release|Any CPU
		{12A5DCBE-1BA2-4C03-9FFC-CC7CEA656B80}.Release|Any CPU.Build.0 = Release|Any CPU
		{12A5DCBE-1BA2-4C03-9FFC-CC7CEA656B80}.Release|ARM.ActiveCfg = Release|Any CPU
		{12A5DCBE-1BA2-4C03-9FFC-CC7CEA656B80}.Release|ARM.Build.0 = Release|Any CPU
		{12A5DCBE-1BA2-4C03-9FFC-CC7CEA656B80}.Release|ARM64.ActiveCfg = Release|Any CPU
		{12A5DCBE-1BA2-4C03-9FFC-CC7CEA656B80}.Release|ARM64.Build.0 = Release|Any CPU
		{12A5DCBE-1BA2-4C03-9FFC-CC7CEA656B80}.Release|x64.ActiveCfg = Release|Any CPU
		{12A5DCBE-1BA2-4C03-9FFC-CC7CEA656B80}.Release|x64.Build.0 = Release|Any CPU
		{12A5DCBE-1BA2-4C03-9FFC-CC7CEA656B80}.Release|x86.ActiveCfg = Release|Any CPU
		{12A5DCBE-1BA2-4C03-9FFC-CC7CEA656B80}.Release|x86.Build.0 = Release|Any CPU
		{3A4BA93A-06E4-4BD6-83BB-2AAB9C02FAD8}.Debug|Any CPU.ActiveCfg = Debug|Any CPU
		{3A4BA93A-06E4-4BD6-83BB-2AAB9C02FAD8}.Debug|Any CPU.Build.0 = Debug|Any CPU
		{3A4BA93A-06E4-4BD6-83BB-2AAB9C02FAD8}.Debug|ARM.ActiveCfg = Debug|Any CPU
		{3A4BA93A-06E4-4BD6-83BB-2AAB9C02FAD8}.Debug|ARM.Build.0 = Debug|Any CPU
		{3A4BA93A-06E4-4BD6-83BB-2AAB9C02FAD8}.Debug|ARM64.ActiveCfg = Debug|Any CPU
		{3A4BA93A-06E4-4BD6-83BB-2AAB9C02FAD8}.Debug|ARM64.Build.0 = Debug|Any CPU
		{3A4BA93A-06E4-4BD6-83BB-2AAB9C02FAD8}.Debug|x64.ActiveCfg = Debug|Any CPU
		{3A4BA93A-06E4-4BD6-83BB-2AAB9C02FAD8}.Debug|x64.Build.0 = Debug|Any CPU
		{3A4BA93A-06E4-4BD6-83BB-2AAB9C02FAD8}.Debug|x86.ActiveCfg = Debug|Any CPU
		{3A4BA93A-06E4-4BD6-83BB-2AAB9C02FAD8}.Debug|x86.Build.0 = Debug|Any CPU
		{3A4BA93A-06E4-4BD6-83BB-2AAB9C02FAD8}.Release|Any CPU.ActiveCfg = Release|Any CPU
		{3A4BA93A-06E4-4BD6-83BB-2AAB9C02FAD8}.Release|Any CPU.Build.0 = Release|Any CPU
		{3A4BA93A-06E4-4BD6-83BB-2AAB9C02FAD8}.Release|ARM.ActiveCfg = Release|Any CPU
		{3A4BA93A-06E4-4BD6-83BB-2AAB9C02FAD8}.Release|ARM.Build.0 = Release|Any CPU
		{3A4BA93A-06E4-4BD6-83BB-2AAB9C02FAD8}.Release|ARM64.ActiveCfg = Release|Any CPU
		{3A4BA93A-06E4-4BD6-83BB-2AAB9C02FAD8}.Release|ARM64.Build.0 = Release|Any CPU
		{3A4BA93A-06E4-4BD6-83BB-2AAB9C02FAD8}.Release|x64.ActiveCfg = Release|Any CPU
		{3A4BA93A-06E4-4BD6-83BB-2AAB9C02FAD8}.Release|x64.Build.0 = Release|Any CPU
		{3A4BA93A-06E4-4BD6-83BB-2AAB9C02FAD8}.Release|x86.ActiveCfg = Release|Any CPU
		{3A4BA93A-06E4-4BD6-83BB-2AAB9C02FAD8}.Release|x86.Build.0 = Release|Any CPU
	EndGlobalSection
	GlobalSection(SolutionProperties) = preSolution
		HideSolutionNode = FALSE
	EndGlobalSection
	GlobalSection(ExtensibilityGlobals) = postSolution
		SolutionGuid = {29D8D70A-24D8-4D11-961C-C074F06FD048}
	EndGlobalSection
EndGlobal
